
Microsoft Visual Studio Solution File, Format Version 11.00
# Visual Studio 2010
Project("{FAE04EC0-301F-11D3-BF4B-00C04F79EFBC}") = "Indexer", "Indexer\Indexer.csproj", "{A7A4AC24-88E7-4995-AFEA-09BDE634C115}"
EndProject
Project("{E24C65DC-7377-472B-9ABA-BC803B73C61A}") = "Searcher", "Searcher\", "{F4CA81D9-489C-4180-88E6-7CD6C94C0921}"
	ProjectSection(WebsiteProperties) = preProject
		TargetFrameworkMoniker = ".NETFramework,Version%3Dv4.0"
		Debug.AspNetCompiler.VirtualPath = "/Searcher"
		Debug.AspNetCompiler.PhysicalPath = "Searcher\"
		Debug.AspNetCompiler.TargetPath = "PrecompiledWeb\Searcher\"
		Debug.AspNetCompiler.Updateable = "true"
		Debug.AspNetCompiler.ForceOverwrite = "true"
		Debug.AspNetCompiler.FixedNames = "false"
		Debug.AspNetCompiler.Debug = "True"
		Release.AspNetCompiler.VirtualPath = "/Searcher"
		Release.AspNetCompiler.PhysicalPath = "Searcher\"
		Release.AspNetCompiler.TargetPath = "PrecompiledWeb\Searcher\"
		Release.AspNetCompiler.Updateable = "true"
		Release.AspNetCompiler.ForceOverwrite = "true"
		Release.AspNetCompiler.FixedNames = "false"
		Release.AspNetCompiler.Debug = "False"
		VWDPort = "55470"
	EndProjectSection
	ProjectSection(WebsiteProperties) = preProject
		TargetFrameworkMoniker = ".NETFramework,Version%3Dv4.0"
		Debug.AspNetCompiler.VirtualPath = "/Searcher"
		Debug.AspNetCompiler.PhysicalPath = "Searcher\"
		Debug.AspNetCompiler.TargetPath = "PrecompiledWeb\Searcher\"
		Debug.AspNetCompiler.Updateable = "true"
		Debug.AspNetCompiler.ForceOverwrite = "true"
		Debug.AspNetCompiler.FixedNames = "false"
		Debug.AspNetCompiler.Debug = "True"
		Release.AspNetCompiler.VirtualPath = "/Searcher"
		Release.AspNetCompiler.PhysicalPath = "Searcher\"
		Release.AspNetCompiler.TargetPath = "PrecompiledWeb\Searcher\"
		Release.AspNetCompiler.Updateable = "true"
		Release.AspNetCompiler.ForceOverwrite = "true"
		Release.AspNetCompiler.FixedNames = "false"
		Release.AspNetCompiler.Debug = "False"
		VWDPort = "55470"
	EndProjectSection
	ProjectSection(WebsiteProperties) = preProject
		TargetFrameworkMoniker = ".NETFramework,Version%3Dv4.0"
		Debug.AspNetCompiler.VirtualPath = "/Searcher"
		Debug.AspNetCompiler.PhysicalPath = "Searcher\"
		Debug.AspNetCompiler.TargetPath = "PrecompiledWeb\Searcher\"
		Debug.AspNetCompiler.Updateable = "true"
		Debug.AspNetCompiler.ForceOverwrite = "true"
		Debug.AspNetCompiler.FixedNames = "false"
		Debug.AspNetCompiler.Debug = "True"
		Release.AspNetCompiler.VirtualPath = "/Searcher"
		Release.AspNetCompiler.PhysicalPath = "Searcher\"
		Release.AspNetCompiler.TargetPath = "PrecompiledWeb\Searcher\"
		Release.AspNetCompiler.Updateable = "true"
		Release.AspNetCompiler.ForceOverwrite = "true"
		Release.AspNetCompiler.FixedNames = "false"
		Release.AspNetCompiler.Debug = "False"
		VWDPort = "55470"
	EndProjectSection
	ProjectSection(WebsiteProperties) = preProject
		TargetFrameworkMoniker = ".NETFramework,Version%3Dv4.0"
		Debug.AspNetCompiler.VirtualPath = "/Searcher"
		Debug.AspNetCompiler.PhysicalPath = "Searcher\"
		Debug.AspNetCompiler.TargetPath = "PrecompiledWeb\Searcher\"
		Debug.AspNetCompiler.Updateable = "true"
		Debug.AspNetCompiler.ForceOverwrite = "true"
		Debug.AspNetCompiler.FixedNames = "false"
		Debug.AspNetCompiler.Debug = "True"
		Release.AspNetCompiler.VirtualPath = "/Searcher"
		Release.AspNetCompiler.PhysicalPath = "Searcher\"
		Release.AspNetCompiler.TargetPath = "PrecompiledWeb\Searcher\"
		Release.AspNetCompiler.Updateable = "true"
		Release.AspNetCompiler.ForceOverwrite = "true"
		Release.AspNetCompiler.FixedNames = "false"
		Release.AspNetCompiler.Debug = "False"
		VWDPort = "60562"
	EndProjectSection
EndProject
Global
	GlobalSection(SolutionConfigurationPlatforms) = preSolution
		Debug|Any CPU = Debug|Any CPU
		Release|Any CPU = Release|Any CPU
	EndGlobalSection
	GlobalSection(ProjectConfigurationPlatforms) = postSolution
		{A7A4AC24-88E7-4995-AFEA-09BDE634C115}.Debug|Any CPU.ActiveCfg = Debug|Any CPU
		{A7A4AC24-88E7-4995-AFEA-09BDE634C115}.Debug|Any CPU.Build.0 = Debug|Any CPU
		{A7A4AC24-88E7-4995-AFEA-09BDE634C115}.Release|Any CPU.ActiveCfg = Release|Any CPU
		{A7A4AC24-88E7-4995-AFEA-09BDE634C115}.Release|Any CPU.Build.0 = Release|Any CPU
		{F4CA81D9-489C-4180-88E6-7CD6C94C0921}.Debug|Any CPU.ActiveCfg = Debug|Any CPU
		{F4CA81D9-489C-4180-88E6-7CD6C94C0921}.Debug|Any CPU.Build.0 = Debug|Any CPU
		{F4CA81D9-489C-4180-88E6-7CD6C94C0921}.Release|Any CPU.ActiveCfg = Debug|Any CPU
		{F4CA81D9-489C-4180-88E6-7CD6C94C0921}.Release|Any CPU.Build.0 = Debug|Any CPU
	EndGlobalSection
	GlobalSection(SolutionProperties) = preSolution
		HideSolutionNode = FALSE
	EndGlobalSection
EndGlobal
